// !$*UTF8*$!
{
	archiveVersion = 1;
	classes = {
	};
	objectVersion = 50;
	objects = {

/* Begin PBXBuildFile section */
		134CE95524BD1C7F00D9D845 /* AppDelegate.swift in Sources */ = {isa = PBXBuildFile; fileRef = 134CE94E24BD1C7F00D9D845 /* AppDelegate.swift */; };
		134CE95724BD1C7F00D9D845 /* PresetsViewController.swift in Sources */ = {isa = PBXBuildFile; fileRef = 134CE95124BD1C7F00D9D845 /* PresetsViewController.swift */; };
		134CE95824BD1C7F00D9D845 /* ModesViewController.swift in Sources */ = {isa = PBXBuildFile; fileRef = 134CE95224BD1C7F00D9D845 /* ModesViewController.swift */; };
		134CE95924BD1C7F00D9D845 /* MainSplitViewController.swift in Sources */ = {isa = PBXBuildFile; fileRef = 134CE95324BD1C7F00D9D845 /* MainSplitViewController.swift */; };
		134CE95A24BD1C7F00D9D845 /* KeyboardViewController.swift in Sources */ = {isa = PBXBuildFile; fileRef = 134CE95424BD1C7F00D9D845 /* KeyboardViewController.swift */; };
		134CE95C24BD26B700D9D845 /* BaseViewController.swift in Sources */ = {isa = PBXBuildFile; fileRef = 134CE95B24BD26B700D9D845 /* BaseViewController.swift */; };
		134CE95E24BD31CF00D9D845 /* main.swift in Sources */ = {isa = PBXBuildFile; fileRef = 134CE95D24BD31CF00D9D845 /* main.swift */; };
		134CE96324BD3A3D00D9D845 /* KeyboardLayout.swift in Sources */ = {isa = PBXBuildFile; fileRef = 134CE96224BD3A3D00D9D845 /* KeyboardLayout.swift */; };
		134CE96C24BD44B400D9D845 /* libPrismDriver.a in Frameworks */ = {isa = PBXBuildFile; fileRef = 134CE96524BD427800D9D845 /* libPrismDriver.a */; };
		134CE97924BD7B8F00D9D845 /* KeyColorView.swift in Sources */ = {isa = PBXBuildFile; fileRef = 134CE97824BD7B8F00D9D845 /* KeyColorView.swift */; };
		1384D28224BD184800655884 /* Assets.xcassets in Resources */ = {isa = PBXBuildFile; fileRef = 1384D28124BD184800655884 /* Assets.xcassets */; };
		13FEACD224BE4B88009B86ED /* PrismController.swift in Sources */ = {isa = PBXBuildFile; fileRef = 13FEACD124BE4B88009B86ED /* PrismController.swift */; };
/* End PBXBuildFile section */

/* Begin PBXFileReference section */
		134CE94E24BD1C7F00D9D845 /* AppDelegate.swift */ = {isa = PBXFileReference; fileEncoding = 4; lastKnownFileType = sourcecode.swift; path = AppDelegate.swift; sourceTree = "<group>"; };
		134CE95124BD1C7F00D9D845 /* PresetsViewController.swift */ = {isa = PBXFileReference; fileEncoding = 4; lastKnownFileType = sourcecode.swift; path = PresetsViewController.swift; sourceTree = "<group>"; };
		134CE95224BD1C7F00D9D845 /* ModesViewController.swift */ = {isa = PBXFileReference; fileEncoding = 4; lastKnownFileType = sourcecode.swift; path = ModesViewController.swift; sourceTree = "<group>"; };
		134CE95324BD1C7F00D9D845 /* MainSplitViewController.swift */ = {isa = PBXFileReference; fileEncoding = 4; lastKnownFileType = sourcecode.swift; path = MainSplitViewController.swift; sourceTree = "<group>"; };
		134CE95424BD1C7F00D9D845 /* KeyboardViewController.swift */ = {isa = PBXFileReference; fileEncoding = 4; lastKnownFileType = sourcecode.swift; path = KeyboardViewController.swift; sourceTree = "<group>"; };
		134CE95B24BD26B700D9D845 /* BaseViewController.swift */ = {isa = PBXFileReference; lastKnownFileType = sourcecode.swift; path = BaseViewController.swift; sourceTree = "<group>"; };
		134CE95D24BD31CF00D9D845 /* main.swift */ = {isa = PBXFileReference; lastKnownFileType = sourcecode.swift; path = main.swift; sourceTree = "<group>"; };
		134CE96224BD3A3D00D9D845 /* KeyboardLayout.swift */ = {isa = PBXFileReference; lastKnownFileType = sourcecode.swift; path = KeyboardLayout.swift; sourceTree = "<group>"; };
		134CE96524BD427800D9D845 /* libPrismDriver.a */ = {isa = PBXFileReference; explicitFileType = archive.ar; path = libPrismDriver.a; sourceTree = BUILT_PRODUCTS_DIR; };
		134CE96F24BD4CCE00D9D845 /* PrismUI-Bridging-Header.h */ = {isa = PBXFileReference; lastKnownFileType = sourcecode.c.h; path = "PrismUI-Bridging-Header.h"; sourceTree = "<group>"; };
		134CE97824BD7B8F00D9D845 /* KeyColorView.swift */ = {isa = PBXFileReference; lastKnownFileType = sourcecode.swift; path = KeyColorView.swift; sourceTree = "<group>"; };
		1384D27A24BD184700655884 /* PrismUI.app */ = {isa = PBXFileReference; explicitFileType = wrapper.application; includeInIndex = 0; path = PrismUI.app; sourceTree = BUILT_PRODUCTS_DIR; };
		1384D28124BD184800655884 /* Assets.xcassets */ = {isa = PBXFileReference; lastKnownFileType = folder.assetcatalog; path = Assets.xcassets; sourceTree = "<group>"; };
		1384D28624BD184800655884 /* Info.plist */ = {isa = PBXFileReference; lastKnownFileType = text.plist.xml; path = Info.plist; sourceTree = "<group>"; };
		1384D28724BD184800655884 /* PrismUI.entitlements */ = {isa = PBXFileReference; lastKnownFileType = text.plist.entitlements; path = PrismUI.entitlements; sourceTree = "<group>"; };
		13FEACD124BE4B88009B86ED /* PrismController.swift */ = {isa = PBXFileReference; lastKnownFileType = sourcecode.swift; path = PrismController.swift; sourceTree = "<group>"; };
/* End PBXFileReference section */

/* Begin PBXFrameworksBuildPhase section */
		1384D27724BD184700655884 /* Frameworks */ = {
			isa = PBXFrameworksBuildPhase;
			buildActionMask = 2147483647;
			files = (
				134CE96C24BD44B400D9D845 /* libPrismDriver.a in Frameworks */,
			);
			runOnlyForDeploymentPostprocessing = 0;
		};
/* End PBXFrameworksBuildPhase section */

/* Begin PBXGroup section */
		134CE94C24BD1C7F00D9D845 /* Views */ = {
			isa = PBXGroup;
			children = (
				134CE97824BD7B8F00D9D845 /* KeyColorView.swift */,
			);
			path = Views;
			sourceTree = "<group>";
		};
		134CE94D24BD1C7F00D9D845 /* Core */ = {
			isa = PBXGroup;
			children = (
				134CE94E24BD1C7F00D9D845 /* AppDelegate.swift */,
				134CE95D24BD31CF00D9D845 /* main.swift */,
				13FEACD124BE4B88009B86ED /* PrismController.swift */,
			);
			path = Core;
			sourceTree = "<group>";
		};
		134CE95024BD1C7F00D9D845 /* Controllers */ = {
			isa = PBXGroup;
			children = (
				134CE95124BD1C7F00D9D845 /* PresetsViewController.swift */,
				134CE95224BD1C7F00D9D845 /* ModesViewController.swift */,
				134CE95324BD1C7F00D9D845 /* MainSplitViewController.swift */,
				134CE95424BD1C7F00D9D845 /* KeyboardViewController.swift */,
				134CE95B24BD26B700D9D845 /* BaseViewController.swift */,
			);
			path = Controllers;
			sourceTree = "<group>";
		};
		134CE96124BD39F200D9D845 /* Utils */ = {
			isa = PBXGroup;
			children = (
				134CE96224BD3A3D00D9D845 /* KeyboardLayout.swift */,
			);
			path = Utils;
			sourceTree = "<group>";
		};
		134CE96424BD427800D9D845 /* Frameworks */ = {
			isa = PBXGroup;
			children = (
				134CE96524BD427800D9D845 /* libPrismDriver.a */,
			);
			name = Frameworks;
			sourceTree = "<group>";
		};
		1384D27124BD184700655884 = {
			isa = PBXGroup;
			children = (
				1384D27C24BD184700655884 /* PrismUI */,
				1384D27B24BD184700655884 /* Products */,
				134CE96424BD427800D9D845 /* Frameworks */,
			);
			sourceTree = "<group>";
		};
		1384D27B24BD184700655884 /* Products */ = {
			isa = PBXGroup;
			children = (
				1384D27A24BD184700655884 /* PrismUI.app */,
			);
			name = Products;
			sourceTree = "<group>";
		};
		1384D27C24BD184700655884 /* PrismUI */ = {
			isa = PBXGroup;
			children = (
				134CE96F24BD4CCE00D9D845 /* PrismUI-Bridging-Header.h */,
				134CE96124BD39F200D9D845 /* Utils */,
				134CE95024BD1C7F00D9D845 /* Controllers */,
				134CE94D24BD1C7F00D9D845 /* Core */,
				134CE94C24BD1C7F00D9D845 /* Views */,
				1384D28124BD184800655884 /* Assets.xcassets */,
				1384D28624BD184800655884 /* Info.plist */,
				1384D28724BD184800655884 /* PrismUI.entitlements */,
			);
			path = PrismUI;
			sourceTree = "<group>";
		};
/* End PBXGroup section */

/* Begin PBXNativeTarget section */
		1384D27924BD184700655884 /* PrismUI */ = {
			isa = PBXNativeTarget;
			buildConfigurationList = 1384D28A24BD184800655884 /* Build configuration list for PBXNativeTarget "PrismUI" */;
			buildPhases = (
				1384D27624BD184700655884 /* Sources */,
				1384D27724BD184700655884 /* Frameworks */,
				1384D27824BD184700655884 /* Resources */,
				13FEACD024BE450A009B86ED /* ShellScript */,
			);
			buildRules = (
			);
			dependencies = (
			);
			name = PrismUI;
			productName = PrismUI;
			productReference = 1384D27A24BD184700655884 /* PrismUI.app */;
			productType = "com.apple.product-type.application";
		};
/* End PBXNativeTarget section */

/* Begin PBXProject section */
		1384D27224BD184700655884 /* Project object */ = {
			isa = PBXProject;
			attributes = {
				LastSwiftUpdateCheck = 1150;
				LastUpgradeCheck = 1150;
				ORGANIZATIONNAME = ErrorErrorError;
				TargetAttributes = {
					1384D27924BD184700655884 = {
						CreatedOnToolsVersion = 11.5;
					};
				};
			};
			buildConfigurationList = 1384D27524BD184700655884 /* Build configuration list for PBXProject "PrismUI" */;
			compatibilityVersion = "Xcode 9.3";
			developmentRegion = en;
			hasScannedForEncodings = 0;
			knownRegions = (
				en,
				Base,
			);
			mainGroup = 1384D27124BD184700655884;
			productRefGroup = 1384D27B24BD184700655884 /* Products */;
			projectDirPath = "";
			projectRoot = "";
			targets = (
				1384D27924BD184700655884 /* PrismUI */,
			);
		};
/* End PBXProject section */

/* Begin PBXResourcesBuildPhase section */
		1384D27824BD184700655884 /* Resources */ = {
			isa = PBXResourcesBuildPhase;
			buildActionMask = 2147483647;
			files = (
				1384D28224BD184800655884 /* Assets.xcassets in Resources */,
			);
			runOnlyForDeploymentPostprocessing = 0;
		};
/* End PBXResourcesBuildPhase section */

/* Begin PBXShellScriptBuildPhase section */
		13FEACD024BE450A009B86ED /* ShellScript */ = {
			isa = PBXShellScriptBuildPhase;
			buildActionMask = 2147483647;
			files = (
			);
			inputFileListPaths = (
			);
			inputPaths = (
			);
			outputFileListPaths = (
			);
			outputPaths = (
			);
			runOnlyForDeploymentPostprocessing = 0;
			shellPath = /bin/sh;
			shellScript = "# Type a script or drag a script file from your workspace to insert its path.\nif which swiftlint >/dev/null; then\n  swiftlint\nelse\n  echo \"warning: SwiftLint not installed, download from https://github.com/realm/SwiftLint\"\nfi\n";
		};
/* End PBXShellScriptBuildPhase section */

/* Begin PBXSourcesBuildPhase section */
		1384D27624BD184700655884 /* Sources */ = {
			isa = PBXSourcesBuildPhase;
			buildActionMask = 2147483647;
			files = (
				134CE95524BD1C7F00D9D845 /* AppDelegate.swift in Sources */,
				134CE95E24BD31CF00D9D845 /* main.swift in Sources */,
				134CE95924BD1C7F00D9D845 /* MainSplitViewController.swift in Sources */,
				134CE95A24BD1C7F00D9D845 /* KeyboardViewController.swift in Sources */,
				134CE95824BD1C7F00D9D845 /* ModesViewController.swift in Sources */,
				134CE97924BD7B8F00D9D845 /* KeyColorView.swift in Sources */,
				134CE95724BD1C7F00D9D845 /* PresetsViewController.swift in Sources */,
				13FEACD224BE4B88009B86ED /* PrismController.swift in Sources */,
				134CE96324BD3A3D00D9D845 /* KeyboardLayout.swift in Sources */,
				134CE95C24BD26B700D9D845 /* BaseViewController.swift in Sources */,
			);
			runOnlyForDeploymentPostprocessing = 0;
		};
/* End PBXSourcesBuildPhase section */

/* Begin XCBuildConfiguration section */
		1384D28824BD184800655884 /* Debug */ = {
			isa = XCBuildConfiguration;
			buildSettings = {
				ALWAYS_SEARCH_USER_PATHS = NO;
				CLANG_ANALYZER_NONNULL = YES;
				CLANG_ANALYZER_NUMBER_OBJECT_CONVERSION = YES_AGGRESSIVE;
				CLANG_CXX_LANGUAGE_STANDARD = "gnu++14";
				CLANG_CXX_LIBRARY = "libc++";
				CLANG_ENABLE_MODULES = YES;
				CLANG_ENABLE_OBJC_ARC = YES;
				CLANG_ENABLE_OBJC_WEAK = YES;
				CLANG_WARN_BLOCK_CAPTURE_AUTORELEASING = YES;
				CLANG_WARN_BOOL_CONVERSION = YES;
				CLANG_WARN_COMMA = YES;
				CLANG_WARN_CONSTANT_CONVERSION = YES;
				CLANG_WARN_DEPRECATED_OBJC_IMPLEMENTATIONS = YES;
				CLANG_WARN_DIRECT_OBJC_ISA_USAGE = YES_ERROR;
				CLANG_WARN_DOCUMENTATION_COMMENTS = YES;
				CLANG_WARN_EMPTY_BODY = YES;
				CLANG_WARN_ENUM_CONVERSION = YES;
				CLANG_WARN_INFINITE_RECURSION = YES;
				CLANG_WARN_INT_CONVERSION = YES;
				CLANG_WARN_NON_LITERAL_NULL_CONVERSION = YES;
				CLANG_WARN_OBJC_IMPLICIT_RETAIN_SELF = YES;
				CLANG_WARN_OBJC_LITERAL_CONVERSION = YES;
				CLANG_WARN_OBJC_ROOT_CLASS = YES_ERROR;
				CLANG_WARN_RANGE_LOOP_ANALYSIS = YES;
				CLANG_WARN_STRICT_PROTOTYPES = YES;
				CLANG_WARN_SUSPICIOUS_MOVE = YES;
				CLANG_WARN_UNGUARDED_AVAILABILITY = YES_AGGRESSIVE;
				CLANG_WARN_UNREACHABLE_CODE = YES;
				CLANG_WARN__DUPLICATE_METHOD_MATCH = YES;
				COPY_PHASE_STRIP = NO;
				DEBUG_INFORMATION_FORMAT = dwarf;
				ENABLE_STRICT_OBJC_MSGSEND = YES;
				ENABLE_TESTABILITY = YES;
				GCC_C_LANGUAGE_STANDARD = gnu11;
				GCC_DYNAMIC_NO_PIC = NO;
				GCC_NO_COMMON_BLOCKS = YES;
				GCC_OPTIMIZATION_LEVEL = 0;
				GCC_PREPROCESSOR_DEFINITIONS = (
					"DEBUG=1",
					"$(inherited)",
				);
				GCC_WARN_64_TO_32_BIT_CONVERSION = YES;
				GCC_WARN_ABOUT_RETURN_TYPE = YES_ERROR;
				GCC_WARN_UNDECLARED_SELECTOR = YES;
				GCC_WARN_UNINITIALIZED_AUTOS = YES_AGGRESSIVE;
				GCC_WARN_UNUSED_FUNCTION = YES;
				GCC_WARN_UNUSED_VARIABLE = YES;
				MACOSX_DEPLOYMENT_TARGET = 10.15;
				MTL_ENABLE_DEBUG_INFO = INCLUDE_SOURCE;
				MTL_FAST_MATH = YES;
				ONLY_ACTIVE_ARCH = YES;
				SDKROOT = macosx;
				SWIFT_ACTIVE_COMPILATION_CONDITIONS = DEBUG;
				SWIFT_OPTIMIZATION_LEVEL = "-Onone";
			};
			name = Debug;
		};
		1384D28924BD184800655884 /* Release */ = {
			isa = XCBuildConfiguration;
			buildSettings = {
				ALWAYS_SEARCH_USER_PATHS = NO;
				CLANG_ANALYZER_NONNULL = YES;
				CLANG_ANALYZER_NUMBER_OBJECT_CONVERSION = YES_AGGRESSIVE;
				CLANG_CXX_LANGUAGE_STANDARD = "gnu++14";
				CLANG_CXX_LIBRARY = "libc++";
				CLANG_ENABLE_MODULES = YES;
				CLANG_ENABLE_OBJC_ARC = YES;
				CLANG_ENABLE_OBJC_WEAK = YES;
				CLANG_WARN_BLOCK_CAPTURE_AUTORELEASING = YES;
				CLANG_WARN_BOOL_CONVERSION = YES;
				CLANG_WARN_COMMA = YES;
				CLANG_WARN_CONSTANT_CONVERSION = YES;
				CLANG_WARN_DEPRECATED_OBJC_IMPLEMENTATIONS = YES;
				CLANG_WARN_DIRECT_OBJC_ISA_USAGE = YES_ERROR;
				CLANG_WARN_DOCUMENTATION_COMMENTS = YES;
				CLANG_WARN_EMPTY_BODY = YES;
				CLANG_WARN_ENUM_CONVERSION = YES;
				CLANG_WARN_INFINITE_RECURSION = YES;
				CLANG_WARN_INT_CONVERSION = YES;
				CLANG_WARN_NON_LITERAL_NULL_CONVERSION = YES;
				CLANG_WARN_OBJC_IMPLICIT_RETAIN_SELF = YES;
				CLANG_WARN_OBJC_LITERAL_CONVERSION = YES;
				CLANG_WARN_OBJC_ROOT_CLASS = YES_ERROR;
				CLANG_WARN_RANGE_LOOP_ANALYSIS = YES;
				CLANG_WARN_STRICT_PROTOTYPES = YES;
				CLANG_WARN_SUSPICIOUS_MOVE = YES;
				CLANG_WARN_UNGUARDED_AVAILABILITY = YES_AGGRESSIVE;
				CLANG_WARN_UNREACHABLE_CODE = YES;
				CLANG_WARN__DUPLICATE_METHOD_MATCH = YES;
				COPY_PHASE_STRIP = NO;
				DEBUG_INFORMATION_FORMAT = "dwarf-with-dsym";
				ENABLE_NS_ASSERTIONS = NO;
				ENABLE_STRICT_OBJC_MSGSEND = YES;
				GCC_C_LANGUAGE_STANDARD = gnu11;
				GCC_NO_COMMON_BLOCKS = YES;
				GCC_WARN_64_TO_32_BIT_CONVERSION = YES;
				GCC_WARN_ABOUT_RETURN_TYPE = YES_ERROR;
				GCC_WARN_UNDECLARED_SELECTOR = YES;
				GCC_WARN_UNINITIALIZED_AUTOS = YES_AGGRESSIVE;
				GCC_WARN_UNUSED_FUNCTION = YES;
				GCC_WARN_UNUSED_VARIABLE = YES;
				MACOSX_DEPLOYMENT_TARGET = 10.15;
				MTL_ENABLE_DEBUG_INFO = NO;
				MTL_FAST_MATH = YES;
				SDKROOT = macosx;
				SWIFT_COMPILATION_MODE = wholemodule;
				SWIFT_OPTIMIZATION_LEVEL = "-O";
			};
			name = Release;
		};
		1384D28B24BD184800655884 /* Debug */ = {
			isa = XCBuildConfiguration;
			buildSettings = {
				ASSETCATALOG_COMPILER_APPICON_NAME = AppIcon;
				CODE_SIGN_ENTITLEMENTS = PrismUI/PrismUI.entitlements;
				CODE_SIGN_STYLE = Automatic;
				COMBINE_HIDPI_IMAGES = YES;
				DEVELOPMENT_TEAM = FYT4JTMSQ8;
				ENABLE_HARDENED_RUNTIME = YES;
				INFOPLIST_FILE = PrismUI/Info.plist;
				LD_RUNPATH_SEARCH_PATHS = (
					"$(inherited)",
					"@executable_path/../Frameworks",
				);
				LIBRARY_SEARCH_PATHS = "";
				PRODUCT_BUNDLE_IDENTIFIER = com.errorerrorerror.PrismUI;
				PRODUCT_NAME = "$(TARGET_NAME)";
				SWIFT_OBJC_BRIDGING_HEADER = "$(PROJECT_DIR)/PrismUI/PrismUI-Bridging-Header.h";
				SWIFT_VERSION = 5.0;
			};
			name = Debug;
		};
		1384D28C24BD184800655884 /* Release */ = {
			isa = XCBuildConfiguration;
			buildSettings = {
				ASSETCATALOG_COMPILER_APPICON_NAME = AppIcon;
				CODE_SIGN_ENTITLEMENTS = PrismUI/PrismUI.entitlements;
				CODE_SIGN_STYLE = Automatic;
				COMBINE_HIDPI_IMAGES = YES;
				DEVELOPMENT_TEAM = FYT4JTMSQ8;
				ENABLE_HARDENED_RUNTIME = YES;
				INFOPLIST_FILE = PrismUI/Info.plist;
				LD_RUNPATH_SEARCH_PATHS = (
					"$(inherited)",
					"@executable_path/../Frameworks",
				);
				LIBRARY_SEARCH_PATHS = "";
				PRODUCT_BUNDLE_IDENTIFIER = com.errorerrorerror.PrismUI;
				PRODUCT_NAME = "$(TARGET_NAME)";
				SWIFT_OBJC_BRIDGING_HEADER = "$(PROJECT_DIR)/PrismUI/PrismUI-Bridging-Header.h";
				SWIFT_VERSION = 5.0;
			};
			name = Release;
		};
/* End XCBuildConfiguration section */

/* Begin XCConfigurationList section */
		1384D27524BD184700655884 /* Build configuration list for PBXProject "PrismUI" */ = {
			isa = XCConfigurationList;
			buildConfigurations = (
				1384D28824BD184800655884 /* Debug */,
				1384D28924BD184800655884 /* Release */,
			);
			defaultConfigurationIsVisible = 0;
			defaultConfigurationName = Release;
		};
		1384D28A24BD184800655884 /* Build configuration list for PBXNativeTarget "PrismUI" */ = {
			isa = XCConfigurationList;
			buildConfigurations = (
				1384D28B24BD184800655884 /* Debug */,
				1384D28C24BD184800655884 /* Release */,
			);
			defaultConfigurationIsVisible = 0;
			defaultConfigurationName = Release;
		};
/* End XCConfigurationList section */
	};
	rootObject = 1384D27224BD184700655884 /* Project object */;
}
