// !$*UTF8*$!
{
	archiveVersion = 1;
	classes = {
	};
	objectVersion = 50;
	objects = {

/* Begin PBXBuildFile section */
		130B9A2424C7C70600989667 /* PrismColorPicker.swift in Sources */ = {isa = PBXBuildFile; fileRef = 130B9A2324C7C70600989667 /* PrismColorPicker.swift */; };
		130B9A2624C7C76A00989667 /* PrismColorGraphView.swift in Sources */ = {isa = PBXBuildFile; fileRef = 130B9A2524C7C76A00989667 /* PrismColorGraphView.swift */; };
		131285B524E72D1E009CDBCE /* PrismSelector.swift in Sources */ = {isa = PBXBuildFile; fileRef = 131285B424E72D1E009CDBCE /* PrismSelector.swift */; };
		131285BE24E7473C009CDBCE /* RawDeviceProtocols.swift in Sources */ = {isa = PBXBuildFile; fileRef = 131285B724E7473C009CDBCE /* RawDeviceProtocols.swift */; };
		131285BF24E7473C009CDBCE /* IOHIDDevice+FeatureReport.swift in Sources */ = {isa = PBXBuildFile; fileRef = 131285B924E7473C009CDBCE /* IOHIDDevice+FeatureReport.swift */; };
		131285C024E7473C009CDBCE /* IOHIDManager+Configure.swift in Sources */ = {isa = PBXBuildFile; fileRef = 131285BA24E7473C009CDBCE /* IOHIDManager+Configure.swift */; };
		131285C124E7473C009CDBCE /* IOHIDDevice+GetProperty.swift in Sources */ = {isa = PBXBuildFile; fileRef = 131285BB24E7473C009CDBCE /* IOHIDDevice+GetProperty.swift */; };
		131285C224E7473C009CDBCE /* IOHIDDevice+Write.swift in Sources */ = {isa = PBXBuildFile; fileRef = 131285BC24E7473C009CDBCE /* IOHIDDevice+Write.swift */; };
		131285C324E7473C009CDBCE /* HIDDevice.swift in Sources */ = {isa = PBXBuildFile; fileRef = 131285BD24E7473C009CDBCE /* HIDDevice.swift */; };
		1337E60624C01B5F008F2C89 /* NSColor+Extension.swift in Sources */ = {isa = PBXBuildFile; fileRef = 1337E60524C01B5F008F2C89 /* NSColor+Extension.swift */; };
		1337E60824C03707008F2C89 /* NoDividerSplitView.swift in Sources */ = {isa = PBXBuildFile; fileRef = 1337E60724C03707008F2C89 /* NoDividerSplitView.swift */; };
		134CE95524BD1C7F00D9D845 /* AppDelegate.swift in Sources */ = {isa = PBXBuildFile; fileRef = 134CE94E24BD1C7F00D9D845 /* AppDelegate.swift */; };
		134CE95724BD1C7F00D9D845 /* PresetsViewController.swift in Sources */ = {isa = PBXBuildFile; fileRef = 134CE95124BD1C7F00D9D845 /* PresetsViewController.swift */; };
		134CE95824BD1C7F00D9D845 /* ModesViewController.swift in Sources */ = {isa = PBXBuildFile; fileRef = 134CE95224BD1C7F00D9D845 /* ModesViewController.swift */; };
		134CE95924BD1C7F00D9D845 /* MainSplitViewController.swift in Sources */ = {isa = PBXBuildFile; fileRef = 134CE95324BD1C7F00D9D845 /* MainSplitViewController.swift */; };
		134CE95A24BD1C7F00D9D845 /* KeyboardViewController.swift in Sources */ = {isa = PBXBuildFile; fileRef = 134CE95424BD1C7F00D9D845 /* KeyboardViewController.swift */; };
		134CE95C24BD26B700D9D845 /* BaseViewController.swift in Sources */ = {isa = PBXBuildFile; fileRef = 134CE95B24BD26B700D9D845 /* BaseViewController.swift */; };
		134CE95E24BD31CF00D9D845 /* main.swift in Sources */ = {isa = PBXBuildFile; fileRef = 134CE95D24BD31CF00D9D845 /* main.swift */; };
		134CE96324BD3A3D00D9D845 /* KeyboardLayout.swift in Sources */ = {isa = PBXBuildFile; fileRef = 134CE96224BD3A3D00D9D845 /* KeyboardLayout.swift */; };
		134CE97924BD7B8F00D9D845 /* KeyColorView.swift in Sources */ = {isa = PBXBuildFile; fileRef = 134CE97824BD7B8F00D9D845 /* KeyColorView.swift */; };
		13513B2124E8B3ED00D2A842 /* PrismKeyboard.swift in Sources */ = {isa = PBXBuildFile; fileRef = 13513B2024E8B3ED00D2A842 /* PrismKeyboard.swift */; };
		13513B2424E9361500D2A842 /* PrismColor.swift in Sources */ = {isa = PBXBuildFile; fileRef = 135999F824CD7CC800941DCC /* PrismColor.swift */; };
		1384D28224BD184800655884 /* Assets.xcassets in Resources */ = {isa = PBXBuildFile; fileRef = 1384D28124BD184800655884 /* Assets.xcassets */; };
		1386D12424CCF76900B91092 /* Log.swift in Sources */ = {isa = PBXBuildFile; fileRef = 1386D12324CCF76900B91092 /* Log.swift */; };
		1386D12824CD058A00B91092 /* ColorView.swift in Sources */ = {isa = PBXBuildFile; fileRef = 1386D12724CD058A00B91092 /* ColorView.swift */; };
		1393AEF924CC050800B53788 /* DragSelectionView.swift in Sources */ = {isa = PBXBuildFile; fileRef = 1393AEF824CC050800B53788 /* DragSelectionView.swift */; };
		1393AEFB24CC069F00B53788 /* NSView+Extensions.swift in Sources */ = {isa = PBXBuildFile; fileRef = 1393AEFA24CC069F00B53788 /* NSView+Extensions.swift */; };
		13B8825524C8BAB600700325 /* PrismColorSliderView.swift in Sources */ = {isa = PBXBuildFile; fileRef = 13B8825424C8BAB600700325 /* PrismColorSliderView.swift */; };
		13B9F91D24E6897D00FAFA88 /* PrismDriver.swift in Sources */ = {isa = PBXBuildFile; fileRef = 13B9F91524E6897D00FAFA88 /* PrismDriver.swift */; };
		13B9F91E24E6897D00FAFA88 /* PrismDevice.swift in Sources */ = {isa = PBXBuildFile; fileRef = 13B9F91624E6897D00FAFA88 /* PrismDevice.swift */; };
		13B9F91F24E6897D00FAFA88 /* HIDDriver+PrismDeviceModel.swift in Sources */ = {isa = PBXBuildFile; fileRef = 13B9F91724E6897D00FAFA88 /* HIDDriver+PrismDeviceModel.swift */; };
		13B9F92224E6897D00FAFA88 /* PrismDeviceModel.swift in Sources */ = {isa = PBXBuildFile; fileRef = 13B9F91C24E6897D00FAFA88 /* PrismDeviceModel.swift */; };
		13B9F92524E689E500FAFA88 /* IOKit.framework in Frameworks */ = {isa = PBXBuildFile; fileRef = 13B9F92324E6899900FAFA88 /* IOKit.framework */; };
		13C161E824E7B06900384C07 /* PrismModes.swift in Sources */ = {isa = PBXBuildFile; fileRef = 13C161E724E7B06900384C07 /* PrismModes.swift */; };
		13C161EA24E7B0E800384C07 /* PrismEffect.swift in Sources */ = {isa = PBXBuildFile; fileRef = 13C161E924E7B0E800384C07 /* PrismEffect.swift */; };
		13C56B2324E6907100C8C998 /* PrismMultiSliderView.swift in Sources */ = {isa = PBXBuildFile; fileRef = 13C56B2224E6907100C8C998 /* PrismMultiSliderView.swift */; };
		13C56B2724E693F100C8C998 /* NSTextField+Extension.swift in Sources */ = {isa = PBXBuildFile; fileRef = 13C56B2624E693F100C8C998 /* NSTextField+Extension.swift */; };
		13FEACD724BEDD45009B86ED /* PrismKey.swift in Sources */ = {isa = PBXBuildFile; fileRef = 13FEACD624BEDD45009B86ED /* PrismKey.swift */; };
		4EE2D008240733F7C050689F /* Pods_PrismUI.framework in Frameworks */ = {isa = PBXBuildFile; fileRef = 00C08081D643B770DF1F5178 /* Pods_PrismUI.framework */; };
/* End PBXBuildFile section */

/* Begin PBXFileReference section */
		00C08081D643B770DF1F5178 /* Pods_PrismUI.framework */ = {isa = PBXFileReference; explicitFileType = wrapper.framework; includeInIndex = 0; path = Pods_PrismUI.framework; sourceTree = BUILT_PRODUCTS_DIR; };
		130B9A2324C7C70600989667 /* PrismColorPicker.swift */ = {isa = PBXFileReference; lastKnownFileType = sourcecode.swift; path = PrismColorPicker.swift; sourceTree = "<group>"; };
		130B9A2524C7C76A00989667 /* PrismColorGraphView.swift */ = {isa = PBXFileReference; lastKnownFileType = sourcecode.swift; path = PrismColorGraphView.swift; sourceTree = "<group>"; };
		131285B424E72D1E009CDBCE /* PrismSelector.swift */ = {isa = PBXFileReference; lastKnownFileType = sourcecode.swift; path = PrismSelector.swift; sourceTree = "<group>"; };
		131285B724E7473C009CDBCE /* RawDeviceProtocols.swift */ = {isa = PBXFileReference; fileEncoding = 4; lastKnownFileType = sourcecode.swift; path = RawDeviceProtocols.swift; sourceTree = "<group>"; };
		131285B924E7473C009CDBCE /* IOHIDDevice+FeatureReport.swift */ = {isa = PBXFileReference; fileEncoding = 4; lastKnownFileType = sourcecode.swift; path = "IOHIDDevice+FeatureReport.swift"; sourceTree = "<group>"; };
		131285BA24E7473C009CDBCE /* IOHIDManager+Configure.swift */ = {isa = PBXFileReference; fileEncoding = 4; lastKnownFileType = sourcecode.swift; path = "IOHIDManager+Configure.swift"; sourceTree = "<group>"; };
		131285BB24E7473C009CDBCE /* IOHIDDevice+GetProperty.swift */ = {isa = PBXFileReference; fileEncoding = 4; lastKnownFileType = sourcecode.swift; path = "IOHIDDevice+GetProperty.swift"; sourceTree = "<group>"; };
		131285BC24E7473C009CDBCE /* IOHIDDevice+Write.swift */ = {isa = PBXFileReference; fileEncoding = 4; lastKnownFileType = sourcecode.swift; path = "IOHIDDevice+Write.swift"; sourceTree = "<group>"; };
		131285BD24E7473C009CDBCE /* HIDDevice.swift */ = {isa = PBXFileReference; fileEncoding = 4; lastKnownFileType = sourcecode.swift; path = HIDDevice.swift; sourceTree = "<group>"; };
		1337E60524C01B5F008F2C89 /* NSColor+Extension.swift */ = {isa = PBXFileReference; lastKnownFileType = sourcecode.swift; path = "NSColor+Extension.swift"; sourceTree = "<group>"; };
		1337E60724C03707008F2C89 /* NoDividerSplitView.swift */ = {isa = PBXFileReference; lastKnownFileType = sourcecode.swift; path = NoDividerSplitView.swift; sourceTree = "<group>"; };
		134CE94E24BD1C7F00D9D845 /* AppDelegate.swift */ = {isa = PBXFileReference; fileEncoding = 4; lastKnownFileType = sourcecode.swift; path = AppDelegate.swift; sourceTree = "<group>"; };
		134CE95124BD1C7F00D9D845 /* PresetsViewController.swift */ = {isa = PBXFileReference; fileEncoding = 4; lastKnownFileType = sourcecode.swift; path = PresetsViewController.swift; sourceTree = "<group>"; };
		134CE95224BD1C7F00D9D845 /* ModesViewController.swift */ = {isa = PBXFileReference; fileEncoding = 4; lastKnownFileType = sourcecode.swift; path = ModesViewController.swift; sourceTree = "<group>"; };
		134CE95324BD1C7F00D9D845 /* MainSplitViewController.swift */ = {isa = PBXFileReference; fileEncoding = 4; lastKnownFileType = sourcecode.swift; path = MainSplitViewController.swift; sourceTree = "<group>"; };
		134CE95424BD1C7F00D9D845 /* KeyboardViewController.swift */ = {isa = PBXFileReference; fileEncoding = 4; lastKnownFileType = sourcecode.swift; path = KeyboardViewController.swift; sourceTree = "<group>"; };
		134CE95B24BD26B700D9D845 /* BaseViewController.swift */ = {isa = PBXFileReference; lastKnownFileType = sourcecode.swift; path = BaseViewController.swift; sourceTree = "<group>"; };
		134CE95D24BD31CF00D9D845 /* main.swift */ = {isa = PBXFileReference; lastKnownFileType = sourcecode.swift; path = main.swift; sourceTree = "<group>"; };
		134CE96224BD3A3D00D9D845 /* KeyboardLayout.swift */ = {isa = PBXFileReference; lastKnownFileType = sourcecode.swift; path = KeyboardLayout.swift; sourceTree = "<group>"; };
		134CE97824BD7B8F00D9D845 /* KeyColorView.swift */ = {isa = PBXFileReference; lastKnownFileType = sourcecode.swift; path = KeyColorView.swift; sourceTree = "<group>"; };
		13513B2024E8B3ED00D2A842 /* PrismKeyboard.swift */ = {isa = PBXFileReference; lastKnownFileType = sourcecode.swift; path = PrismKeyboard.swift; sourceTree = "<group>"; };
		135999F824CD7CC800941DCC /* PrismColor.swift */ = {isa = PBXFileReference; fileEncoding = 4; lastKnownFileType = sourcecode.swift; path = PrismColor.swift; sourceTree = "<group>"; };
		1384D27A24BD184700655884 /* PrismUI.app */ = {isa = PBXFileReference; explicitFileType = wrapper.application; includeInIndex = 0; path = PrismUI.app; sourceTree = BUILT_PRODUCTS_DIR; };
		1384D28124BD184800655884 /* Assets.xcassets */ = {isa = PBXFileReference; lastKnownFileType = folder.assetcatalog; path = Assets.xcassets; sourceTree = "<group>"; };
		1384D28624BD184800655884 /* Info.plist */ = {isa = PBXFileReference; lastKnownFileType = text.plist.xml; path = Info.plist; sourceTree = "<group>"; };
		1384D28724BD184800655884 /* PrismUI.entitlements */ = {isa = PBXFileReference; lastKnownFileType = text.plist.entitlements; path = PrismUI.entitlements; sourceTree = "<group>"; };
		1386D12324CCF76900B91092 /* Log.swift */ = {isa = PBXFileReference; lastKnownFileType = sourcecode.swift; path = Log.swift; sourceTree = "<group>"; };
		1386D12724CD058A00B91092 /* ColorView.swift */ = {isa = PBXFileReference; lastKnownFileType = sourcecode.swift; path = ColorView.swift; sourceTree = "<group>"; };
		1393AEF824CC050800B53788 /* DragSelectionView.swift */ = {isa = PBXFileReference; lastKnownFileType = sourcecode.swift; path = DragSelectionView.swift; sourceTree = "<group>"; };
		1393AEFA24CC069F00B53788 /* NSView+Extensions.swift */ = {isa = PBXFileReference; lastKnownFileType = sourcecode.swift; path = "NSView+Extensions.swift"; sourceTree = "<group>"; };
		13B8825424C8BAB600700325 /* PrismColorSliderView.swift */ = {isa = PBXFileReference; lastKnownFileType = sourcecode.swift; path = PrismColorSliderView.swift; sourceTree = "<group>"; };
		13B9F91524E6897D00FAFA88 /* PrismDriver.swift */ = {isa = PBXFileReference; fileEncoding = 4; lastKnownFileType = sourcecode.swift; path = PrismDriver.swift; sourceTree = "<group>"; };
		13B9F91624E6897D00FAFA88 /* PrismDevice.swift */ = {isa = PBXFileReference; fileEncoding = 4; lastKnownFileType = sourcecode.swift; path = PrismDevice.swift; sourceTree = "<group>"; };
		13B9F91724E6897D00FAFA88 /* HIDDriver+PrismDeviceModel.swift */ = {isa = PBXFileReference; fileEncoding = 4; lastKnownFileType = sourcecode.swift; path = "HIDDriver+PrismDeviceModel.swift"; sourceTree = "<group>"; };
		13B9F91C24E6897D00FAFA88 /* PrismDeviceModel.swift */ = {isa = PBXFileReference; fileEncoding = 4; lastKnownFileType = sourcecode.swift; path = PrismDeviceModel.swift; sourceTree = "<group>"; };
		13B9F92324E6899900FAFA88 /* IOKit.framework */ = {isa = PBXFileReference; lastKnownFileType = wrapper.framework; name = IOKit.framework; path = System/Library/Frameworks/IOKit.framework; sourceTree = SDKROOT; };
		13C161E724E7B06900384C07 /* PrismModes.swift */ = {isa = PBXFileReference; lastKnownFileType = sourcecode.swift; path = PrismModes.swift; sourceTree = "<group>"; };
		13C161E924E7B0E800384C07 /* PrismEffect.swift */ = {isa = PBXFileReference; lastKnownFileType = sourcecode.swift; path = PrismEffect.swift; sourceTree = "<group>"; };
		13C56B2224E6907100C8C998 /* PrismMultiSliderView.swift */ = {isa = PBXFileReference; lastKnownFileType = sourcecode.swift; path = PrismMultiSliderView.swift; sourceTree = "<group>"; };
		13C56B2624E693F100C8C998 /* NSTextField+Extension.swift */ = {isa = PBXFileReference; lastKnownFileType = sourcecode.swift; path = "NSTextField+Extension.swift"; sourceTree = "<group>"; };
		13FEACD624BEDD45009B86ED /* PrismKey.swift */ = {isa = PBXFileReference; lastKnownFileType = sourcecode.swift; path = PrismKey.swift; sourceTree = "<group>"; };
		15747D84AFE6667ADB3C2E4F /* Pods-PrismUI.debug.xcconfig */ = {isa = PBXFileReference; includeInIndex = 1; lastKnownFileType = text.xcconfig; name = "Pods-PrismUI.debug.xcconfig"; path = "Target Support Files/Pods-PrismUI/Pods-PrismUI.debug.xcconfig"; sourceTree = "<group>"; };
		C68ECFAA71BE30DF82042E44 /* Pods-PrismUI.release.xcconfig */ = {isa = PBXFileReference; includeInIndex = 1; lastKnownFileType = text.xcconfig; name = "Pods-PrismUI.release.xcconfig"; path = "Target Support Files/Pods-PrismUI/Pods-PrismUI.release.xcconfig"; sourceTree = "<group>"; };
/* End PBXFileReference section */

/* Begin PBXFrameworksBuildPhase section */
		1384D27724BD184700655884 /* Frameworks */ = {
			isa = PBXFrameworksBuildPhase;
			buildActionMask = 2147483647;
			files = (
				13B9F92524E689E500FAFA88 /* IOKit.framework in Frameworks */,
				4EE2D008240733F7C050689F /* Pods_PrismUI.framework in Frameworks */,
			);
			runOnlyForDeploymentPostprocessing = 0;
		};
/* End PBXFrameworksBuildPhase section */

/* Begin PBXGroup section */
		130B9A2224C7C6EA00989667 /* PrismColorPicker */ = {
			isa = PBXGroup;
			children = (
				130B9A2324C7C70600989667 /* PrismColorPicker.swift */,
				13C56B2224E6907100C8C998 /* PrismMultiSliderView.swift */,
				130B9A2524C7C76A00989667 /* PrismColorGraphView.swift */,
				13B8825424C8BAB600700325 /* PrismColorSliderView.swift */,
				131285B424E72D1E009CDBCE /* PrismSelector.swift */,
			);
			path = PrismColorPicker;
			sourceTree = "<group>";
		};
		131285B624E7473C009CDBCE /* HIDSwift */ = {
			isa = PBXGroup;
			children = (
				131285B724E7473C009CDBCE /* RawDeviceProtocols.swift */,
				131285B824E7473C009CDBCE /* Extensions */,
				131285BD24E7473C009CDBCE /* HIDDevice.swift */,
			);
			path = HIDSwift;
			sourceTree = "<group>";
		};
		131285B824E7473C009CDBCE /* Extensions */ = {
			isa = PBXGroup;
			children = (
				131285B924E7473C009CDBCE /* IOHIDDevice+FeatureReport.swift */,
				131285BA24E7473C009CDBCE /* IOHIDManager+Configure.swift */,
				131285BB24E7473C009CDBCE /* IOHIDDevice+GetProperty.swift */,
				131285BC24E7473C009CDBCE /* IOHIDDevice+Write.swift */,
			);
			path = Extensions;
			sourceTree = "<group>";
		};
		134CE94C24BD1C7F00D9D845 /* Views */ = {
			isa = PBXGroup;
			children = (
				1393AEFC24CC06F100B53788 /* Extensions */,
				134CE97824BD7B8F00D9D845 /* KeyColorView.swift */,
				1337E60724C03707008F2C89 /* NoDividerSplitView.swift */,
				1393AEF824CC050800B53788 /* DragSelectionView.swift */,
				1386D12724CD058A00B91092 /* ColorView.swift */,
			);
			path = Views;
			sourceTree = "<group>";
		};
		134CE94D24BD1C7F00D9D845 /* Core */ = {
			isa = PBXGroup;
			children = (
				134CE94E24BD1C7F00D9D845 /* AppDelegate.swift */,
				134CE95D24BD31CF00D9D845 /* main.swift */,
			);
			path = Core;
			sourceTree = "<group>";
		};
		134CE95024BD1C7F00D9D845 /* Controllers */ = {
			isa = PBXGroup;
			children = (
				134CE95124BD1C7F00D9D845 /* PresetsViewController.swift */,
				134CE95224BD1C7F00D9D845 /* ModesViewController.swift */,
				134CE95324BD1C7F00D9D845 /* MainSplitViewController.swift */,
				134CE95424BD1C7F00D9D845 /* KeyboardViewController.swift */,
				134CE95B24BD26B700D9D845 /* BaseViewController.swift */,
			);
			path = Controllers;
			sourceTree = "<group>";
		};
		134CE96124BD39F200D9D845 /* Utils */ = {
			isa = PBXGroup;
			children = (
				134CE96224BD3A3D00D9D845 /* KeyboardLayout.swift */,
			);
			path = Utils;
			sourceTree = "<group>";
		};
		134CE96424BD427800D9D845 /* Frameworks */ = {
			isa = PBXGroup;
			children = (
				13B9F92324E6899900FAFA88 /* IOKit.framework */,
				00C08081D643B770DF1F5178 /* Pods_PrismUI.framework */,
			);
			name = Frameworks;
			sourceTree = "<group>";
		};
		1384D27124BD184700655884 = {
			isa = PBXGroup;
			children = (
				1384D27C24BD184700655884 /* PrismUI */,
				1384D27B24BD184700655884 /* Products */,
				134CE96424BD427800D9D845 /* Frameworks */,
				D960B0921A9C84FC10D4FF1E /* Pods */,
			);
			sourceTree = "<group>";
		};
		1384D27B24BD184700655884 /* Products */ = {
			isa = PBXGroup;
			children = (
				1384D27A24BD184700655884 /* PrismUI.app */,
			);
			name = Products;
			sourceTree = "<group>";
		};
		1384D27C24BD184700655884 /* PrismUI */ = {
			isa = PBXGroup;
			children = (
				1386D12224CCF73400B91092 /* Supporting files */,
				130B9A2224C7C6EA00989667 /* PrismColorPicker */,
				13FEACD524BEDAE1009B86ED /* Model */,
				134CE96124BD39F200D9D845 /* Utils */,
				134CE95024BD1C7F00D9D845 /* Controllers */,
				134CE94D24BD1C7F00D9D845 /* Core */,
				134CE94C24BD1C7F00D9D845 /* Views */,
				13B9F91424E6893400FAFA88 /* Driver */,
				1384D28124BD184800655884 /* Assets.xcassets */,
				1384D28624BD184800655884 /* Info.plist */,
				1384D28724BD184800655884 /* PrismUI.entitlements */,
			);
			path = PrismUI;
			sourceTree = "<group>";
		};
		1386D12224CCF73400B91092 /* Supporting files */ = {
			isa = PBXGroup;
			children = (
				1337E60524C01B5F008F2C89 /* NSColor+Extension.swift */,
				1386D12324CCF76900B91092 /* Log.swift */,
				13C56B2624E693F100C8C998 /* NSTextField+Extension.swift */,
			);
			path = "Supporting files";
			sourceTree = "<group>";
		};
		1393AEFC24CC06F100B53788 /* Extensions */ = {
			isa = PBXGroup;
			children = (
				1393AEFA24CC069F00B53788 /* NSView+Extensions.swift */,
			);
			path = Extensions;
			sourceTree = "<group>";
		};
		13A074DC24E68D30004C81DD /* PrismDriver */ = {
			isa = PBXGroup;
			children = (
				13B9F91724E6897D00FAFA88 /* HIDDriver+PrismDeviceModel.swift */,
				13B9F91624E6897D00FAFA88 /* PrismDevice.swift */,
				13B9F91C24E6897D00FAFA88 /* PrismDeviceModel.swift */,
				13B9F91524E6897D00FAFA88 /* PrismDriver.swift */,
				13C161E724E7B06900384C07 /* PrismModes.swift */,
				13513B2024E8B3ED00D2A842 /* PrismKeyboard.swift */,
			);
			path = PrismDriver;
			sourceTree = "<group>";
		};
		13B9F91424E6893400FAFA88 /* Driver */ = {
			isa = PBXGroup;
			children = (
				131285B624E7473C009CDBCE /* HIDSwift */,
				13A074DC24E68D30004C81DD /* PrismDriver */,
			);
			path = Driver;
			sourceTree = "<group>";
		};
		13FEACD524BEDAE1009B86ED /* Model */ = {
			isa = PBXGroup;
			children = (
				135999F824CD7CC800941DCC /* PrismColor.swift */,
				13C161E924E7B0E800384C07 /* PrismEffect.swift */,
				13FEACD624BEDD45009B86ED /* PrismKey.swift */,
			);
			path = Model;
			sourceTree = "<group>";
		};
		D960B0921A9C84FC10D4FF1E /* Pods */ = {
			isa = PBXGroup;
			children = (
				15747D84AFE6667ADB3C2E4F /* Pods-PrismUI.debug.xcconfig */,
				C68ECFAA71BE30DF82042E44 /* Pods-PrismUI.release.xcconfig */,
			);
			path = Pods;
			sourceTree = "<group>";
		};
/* End PBXGroup section */

/* Begin PBXNativeTarget section */
		1384D27924BD184700655884 /* PrismUI */ = {
			isa = PBXNativeTarget;
			buildConfigurationList = 1384D28A24BD184800655884 /* Build configuration list for PBXNativeTarget "PrismUI" */;
			buildPhases = (
				E969A3BD1AA266092BC7797C /* [CP] Check Pods Manifest.lock */,
				1384D27624BD184700655884 /* Sources */,
				1384D27724BD184700655884 /* Frameworks */,
				1384D27824BD184700655884 /* Resources */,
				13FEACD024BE450A009B86ED /* SwiftLint Script */,
			);
			buildRules = (
			);
			dependencies = (
			);
			name = PrismUI;
			productName = PrismUI;
			productReference = 1384D27A24BD184700655884 /* PrismUI.app */;
			productType = "com.apple.product-type.application";
		};
/* End PBXNativeTarget section */

/* Begin PBXProject section */
		1384D27224BD184700655884 /* Project object */ = {
			isa = PBXProject;
			attributes = {
				LastSwiftUpdateCheck = 1150;
				LastUpgradeCheck = 1150;
				ORGANIZATIONNAME = ErrorErrorError;
				TargetAttributes = {
					1384D27924BD184700655884 = {
						CreatedOnToolsVersion = 11.5;
					};
				};
			};
			buildConfigurationList = 1384D27524BD184700655884 /* Build configuration list for PBXProject "PrismUI" */;
			compatibilityVersion = "Xcode 9.3";
			developmentRegion = en;
			hasScannedForEncodings = 0;
			knownRegions = (
				en,
				Base,
			);
			mainGroup = 1384D27124BD184700655884;
			productRefGroup = 1384D27B24BD184700655884 /* Products */;
			projectDirPath = "";
			projectRoot = "";
			targets = (
				1384D27924BD184700655884 /* PrismUI */,
			);
		};
/* End PBXProject section */

/* Begin PBXResourcesBuildPhase section */
		1384D27824BD184700655884 /* Resources */ = {
			isa = PBXResourcesBuildPhase;
			buildActionMask = 2147483647;
			files = (
				1384D28224BD184800655884 /* Assets.xcassets in Resources */,
			);
			runOnlyForDeploymentPostprocessing = 0;
		};
/* End PBXResourcesBuildPhase section */

/* Begin PBXShellScriptBuildPhase section */
		13FEACD024BE450A009B86ED /* SwiftLint Script */ = {
			isa = PBXShellScriptBuildPhase;
			buildActionMask = 2147483647;
			files = (
			);
			inputFileListPaths = (
			);
			inputPaths = (
			);
			name = "SwiftLint Script";
			outputFileListPaths = (
			);
			outputPaths = (
			);
			runOnlyForDeploymentPostprocessing = 0;
			shellPath = /bin/sh;
			shellScript = "# Type a script or drag a script file from your workspace to insert its path.\nif which \"${PODS_ROOT}/SwiftLint/swiftlint\" >/dev/null; then \n    ${PODS_ROOT}/SwiftLint/swiftlint\nelif which swiftlint >/dev/null; then\n    swiftlint\nelse\n  echo \"warning: SwiftLint not installed, download from https://github.com/realm/SwiftLint\"\nfi\n";
		};
		E969A3BD1AA266092BC7797C /* [CP] Check Pods Manifest.lock */ = {
			isa = PBXShellScriptBuildPhase;
			buildActionMask = 2147483647;
			files = (
			);
			inputFileListPaths = (
			);
			inputPaths = (
				"${PODS_PODFILE_DIR_PATH}/Podfile.lock",
				"${PODS_ROOT}/Manifest.lock",
			);
			name = "[CP] Check Pods Manifest.lock";
			outputFileListPaths = (
			);
			outputPaths = (
				"$(DERIVED_FILE_DIR)/Pods-PrismUI-checkManifestLockResult.txt",
			);
			runOnlyForDeploymentPostprocessing = 0;
			shellPath = /bin/sh;
			shellScript = "diff \"${PODS_PODFILE_DIR_PATH}/Podfile.lock\" \"${PODS_ROOT}/Manifest.lock\" > /dev/null\nif [ $? != 0 ] ; then\n    # print error to STDERR\n    echo \"error: The sandbox is not in sync with the Podfile.lock. Run 'pod install' or update your CocoaPods installation.\" >&2\n    exit 1\nfi\n# This output is used by Xcode 'outputs' to avoid re-running this script phase.\necho \"SUCCESS\" > \"${SCRIPT_OUTPUT_FILE_0}\"\n";
			showEnvVarsInLog = 0;
		};
/* End PBXShellScriptBuildPhase section */

/* Begin PBXSourcesBuildPhase section */
		1384D27624BD184700655884 /* Sources */ = {
			isa = PBXSourcesBuildPhase;
			buildActionMask = 2147483647;
			files = (
				134CE95524BD1C7F00D9D845 /* AppDelegate.swift in Sources */,
				13B9F91E24E6897D00FAFA88 /* PrismDevice.swift in Sources */,
				13513B2124E8B3ED00D2A842 /* PrismKeyboard.swift in Sources */,
				134CE95E24BD31CF00D9D845 /* main.swift in Sources */,
				131285C124E7473C009CDBCE /* IOHIDDevice+GetProperty.swift in Sources */,
				1337E60624C01B5F008F2C89 /* NSColor+Extension.swift in Sources */,
				134CE95924BD1C7F00D9D845 /* MainSplitViewController.swift in Sources */,
				13C161E824E7B06900384C07 /* PrismModes.swift in Sources */,
				13FEACD724BEDD45009B86ED /* PrismKey.swift in Sources */,
				13B9F91F24E6897D00FAFA88 /* HIDDriver+PrismDeviceModel.swift in Sources */,
				134CE95A24BD1C7F00D9D845 /* KeyboardViewController.swift in Sources */,
				134CE95824BD1C7F00D9D845 /* ModesViewController.swift in Sources */,
				134CE97924BD7B8F00D9D845 /* KeyColorView.swift in Sources */,
				134CE95724BD1C7F00D9D845 /* PresetsViewController.swift in Sources */,
				131285C224E7473C009CDBCE /* IOHIDDevice+Write.swift in Sources */,
				131285C024E7473C009CDBCE /* IOHIDManager+Configure.swift in Sources */,
				13C161EA24E7B0E800384C07 /* PrismEffect.swift in Sources */,
				13C56B2324E6907100C8C998 /* PrismMultiSliderView.swift in Sources */,
				131285C324E7473C009CDBCE /* HIDDevice.swift in Sources */,
				131285BE24E7473C009CDBCE /* RawDeviceProtocols.swift in Sources */,
				1393AEFB24CC069F00B53788 /* NSView+Extensions.swift in Sources */,
				134CE96324BD3A3D00D9D845 /* KeyboardLayout.swift in Sources */,
				1393AEF924CC050800B53788 /* DragSelectionView.swift in Sources */,
				13B8825524C8BAB600700325 /* PrismColorSliderView.swift in Sources */,
				1386D12824CD058A00B91092 /* ColorView.swift in Sources */,
				13C56B2724E693F100C8C998 /* NSTextField+Extension.swift in Sources */,
				13B9F92224E6897D00FAFA88 /* PrismDeviceModel.swift in Sources */,
				13B9F91D24E6897D00FAFA88 /* PrismDriver.swift in Sources */,
				130B9A2424C7C70600989667 /* PrismColorPicker.swift in Sources */,
				13513B2424E9361500D2A842 /* PrismColor.swift in Sources */,
				131285BF24E7473C009CDBCE /* IOHIDDevice+FeatureReport.swift in Sources */,
				1337E60824C03707008F2C89 /* NoDividerSplitView.swift in Sources */,
				1386D12424CCF76900B91092 /* Log.swift in Sources */,
				134CE95C24BD26B700D9D845 /* BaseViewController.swift in Sources */,
				130B9A2624C7C76A00989667 /* PrismColorGraphView.swift in Sources */,
				131285B524E72D1E009CDBCE /* PrismSelector.swift in Sources */,
			);
			runOnlyForDeploymentPostprocessing = 0;
		};
/* End PBXSourcesBuildPhase section */

/* Begin XCBuildConfiguration section */
		1384D28824BD184800655884 /* Debug */ = {
			isa = XCBuildConfiguration;
			buildSettings = {
				ALWAYS_SEARCH_USER_PATHS = NO;
				CLANG_ANALYZER_NONNULL = YES;
				CLANG_ANALYZER_NUMBER_OBJECT_CONVERSION = YES_AGGRESSIVE;
				CLANG_CXX_LANGUAGE_STANDARD = "gnu++14";
				CLANG_CXX_LIBRARY = "libc++";
				CLANG_ENABLE_MODULES = YES;
				CLANG_ENABLE_OBJC_ARC = YES;
				CLANG_ENABLE_OBJC_WEAK = YES;
				CLANG_WARN_BLOCK_CAPTURE_AUTORELEASING = YES;
				CLANG_WARN_BOOL_CONVERSION = YES;
				CLANG_WARN_COMMA = YES;
				CLANG_WARN_CONSTANT_CONVERSION = YES;
				CLANG_WARN_DEPRECATED_OBJC_IMPLEMENTATIONS = YES;
				CLANG_WARN_DIRECT_OBJC_ISA_USAGE = YES_ERROR;
				CLANG_WARN_DOCUMENTATION_COMMENTS = YES;
				CLANG_WARN_EMPTY_BODY = YES;
				CLANG_WARN_ENUM_CONVERSION = YES;
				CLANG_WARN_INFINITE_RECURSION = YES;
				CLANG_WARN_INT_CONVERSION = YES;
				CLANG_WARN_NON_LITERAL_NULL_CONVERSION = YES;
				CLANG_WARN_OBJC_IMPLICIT_RETAIN_SELF = YES;
				CLANG_WARN_OBJC_LITERAL_CONVERSION = YES;
				CLANG_WARN_OBJC_ROOT_CLASS = YES_ERROR;
				CLANG_WARN_RANGE_LOOP_ANALYSIS = YES;
				CLANG_WARN_STRICT_PROTOTYPES = YES;
				CLANG_WARN_SUSPICIOUS_MOVE = YES;
				CLANG_WARN_UNGUARDED_AVAILABILITY = YES_AGGRESSIVE;
				CLANG_WARN_UNREACHABLE_CODE = YES;
				CLANG_WARN__DUPLICATE_METHOD_MATCH = YES;
				COPY_PHASE_STRIP = NO;
				DEBUG_INFORMATION_FORMAT = dwarf;
				ENABLE_STRICT_OBJC_MSGSEND = YES;
				ENABLE_TESTABILITY = YES;
				GCC_C_LANGUAGE_STANDARD = gnu11;
				GCC_DYNAMIC_NO_PIC = NO;
				GCC_NO_COMMON_BLOCKS = YES;
				GCC_OPTIMIZATION_LEVEL = 0;
				GCC_PREPROCESSOR_DEFINITIONS = (
					"DEBUG=1",
					"$(inherited)",
				);
				GCC_WARN_64_TO_32_BIT_CONVERSION = YES;
				GCC_WARN_ABOUT_RETURN_TYPE = YES_ERROR;
				GCC_WARN_UNDECLARED_SELECTOR = YES;
				GCC_WARN_UNINITIALIZED_AUTOS = YES_AGGRESSIVE;
				GCC_WARN_UNUSED_FUNCTION = YES;
				GCC_WARN_UNUSED_VARIABLE = YES;
				MACOSX_DEPLOYMENT_TARGET = 10.15;
				MTL_ENABLE_DEBUG_INFO = INCLUDE_SOURCE;
				MTL_FAST_MATH = YES;
				ONLY_ACTIVE_ARCH = YES;
				SDKROOT = macosx;
				SWIFT_ACTIVE_COMPILATION_CONDITIONS = DEBUG;
				SWIFT_OPTIMIZATION_LEVEL = "-Onone";
			};
			name = Debug;
		};
		1384D28924BD184800655884 /* Release */ = {
			isa = XCBuildConfiguration;
			buildSettings = {
				ALWAYS_SEARCH_USER_PATHS = NO;
				CLANG_ANALYZER_NONNULL = YES;
				CLANG_ANALYZER_NUMBER_OBJECT_CONVERSION = YES_AGGRESSIVE;
				CLANG_CXX_LANGUAGE_STANDARD = "gnu++14";
				CLANG_CXX_LIBRARY = "libc++";
				CLANG_ENABLE_MODULES = YES;
				CLANG_ENABLE_OBJC_ARC = YES;
				CLANG_ENABLE_OBJC_WEAK = YES;
				CLANG_WARN_BLOCK_CAPTURE_AUTORELEASING = YES;
				CLANG_WARN_BOOL_CONVERSION = YES;
				CLANG_WARN_COMMA = YES;
				CLANG_WARN_CONSTANT_CONVERSION = YES;
				CLANG_WARN_DEPRECATED_OBJC_IMPLEMENTATIONS = YES;
				CLANG_WARN_DIRECT_OBJC_ISA_USAGE = YES_ERROR;
				CLANG_WARN_DOCUMENTATION_COMMENTS = YES;
				CLANG_WARN_EMPTY_BODY = YES;
				CLANG_WARN_ENUM_CONVERSION = YES;
				CLANG_WARN_INFINITE_RECURSION = YES;
				CLANG_WARN_INT_CONVERSION = YES;
				CLANG_WARN_NON_LITERAL_NULL_CONVERSION = YES;
				CLANG_WARN_OBJC_IMPLICIT_RETAIN_SELF = YES;
				CLANG_WARN_OBJC_LITERAL_CONVERSION = YES;
				CLANG_WARN_OBJC_ROOT_CLASS = YES_ERROR;
				CLANG_WARN_RANGE_LOOP_ANALYSIS = YES;
				CLANG_WARN_STRICT_PROTOTYPES = YES;
				CLANG_WARN_SUSPICIOUS_MOVE = YES;
				CLANG_WARN_UNGUARDED_AVAILABILITY = YES_AGGRESSIVE;
				CLANG_WARN_UNREACHABLE_CODE = YES;
				CLANG_WARN__DUPLICATE_METHOD_MATCH = YES;
				COPY_PHASE_STRIP = NO;
				DEBUG_INFORMATION_FORMAT = "dwarf-with-dsym";
				ENABLE_NS_ASSERTIONS = NO;
				ENABLE_STRICT_OBJC_MSGSEND = YES;
				GCC_C_LANGUAGE_STANDARD = gnu11;
				GCC_NO_COMMON_BLOCKS = YES;
				GCC_WARN_64_TO_32_BIT_CONVERSION = YES;
				GCC_WARN_ABOUT_RETURN_TYPE = YES_ERROR;
				GCC_WARN_UNDECLARED_SELECTOR = YES;
				GCC_WARN_UNINITIALIZED_AUTOS = YES_AGGRESSIVE;
				GCC_WARN_UNUSED_FUNCTION = YES;
				GCC_WARN_UNUSED_VARIABLE = YES;
				MACOSX_DEPLOYMENT_TARGET = 10.15;
				MTL_ENABLE_DEBUG_INFO = NO;
				MTL_FAST_MATH = YES;
				SDKROOT = macosx;
				SWIFT_COMPILATION_MODE = wholemodule;
				SWIFT_OPTIMIZATION_LEVEL = "-O";
			};
			name = Release;
		};
		1384D28B24BD184800655884 /* Debug */ = {
			isa = XCBuildConfiguration;
			baseConfigurationReference = 15747D84AFE6667ADB3C2E4F /* Pods-PrismUI.debug.xcconfig */;
			buildSettings = {
				ASSETCATALOG_COMPILER_APPICON_NAME = AppIcon;
				CODE_SIGN_ENTITLEMENTS = PrismUI/PrismUI.entitlements;
				CODE_SIGN_IDENTITY = "Apple Development";
				CODE_SIGN_STYLE = Automatic;
				COMBINE_HIDPI_IMAGES = YES;
				DEVELOPMENT_TEAM = FYT4JTMSQ8;
				ENABLE_HARDENED_RUNTIME = YES;
				INFOPLIST_FILE = PrismUI/Info.plist;
				LD_RUNPATH_SEARCH_PATHS = (
					"$(inherited)",
					"@executable_path/../Frameworks",
				);
				LIBRARY_SEARCH_PATHS = "";
				PRODUCT_BUNDLE_IDENTIFIER = com.errorerrorerror.PrismUI;
				PRODUCT_NAME = "$(TARGET_NAME)";
				SWIFT_INCLUDE_PATHS = "";
				SWIFT_OBJC_BRIDGING_HEADER = "";
				SWIFT_VERSION = 5.0;
			};
			name = Debug;
		};
		1384D28C24BD184800655884 /* Release */ = {
			isa = XCBuildConfiguration;
			baseConfigurationReference = C68ECFAA71BE30DF82042E44 /* Pods-PrismUI.release.xcconfig */;
			buildSettings = {
				ASSETCATALOG_COMPILER_APPICON_NAME = AppIcon;
				CODE_SIGN_ENTITLEMENTS = PrismUI/PrismUI.entitlements;
				CODE_SIGN_IDENTITY = "Apple Development";
				CODE_SIGN_STYLE = Automatic;
				COMBINE_HIDPI_IMAGES = YES;
				DEVELOPMENT_TEAM = FYT4JTMSQ8;
				ENABLE_HARDENED_RUNTIME = YES;
				INFOPLIST_FILE = PrismUI/Info.plist;
				LD_RUNPATH_SEARCH_PATHS = (
					"$(inherited)",
					"@executable_path/../Frameworks",
				);
				LIBRARY_SEARCH_PATHS = "";
				PRODUCT_BUNDLE_IDENTIFIER = com.errorerrorerror.PrismUI;
				PRODUCT_NAME = "$(TARGET_NAME)";
				SWIFT_INCLUDE_PATHS = "";
				SWIFT_OBJC_BRIDGING_HEADER = "";
				SWIFT_VERSION = 5.0;
			};
			name = Release;
		};
/* End XCBuildConfiguration section */

/* Begin XCConfigurationList section */
		1384D27524BD184700655884 /* Build configuration list for PBXProject "PrismUI" */ = {
			isa = XCConfigurationList;
			buildConfigurations = (
				1384D28824BD184800655884 /* Debug */,
				1384D28924BD184800655884 /* Release */,
			);
			defaultConfigurationIsVisible = 0;
			defaultConfigurationName = Release;
		};
		1384D28A24BD184800655884 /* Build configuration list for PBXNativeTarget "PrismUI" */ = {
			isa = XCConfigurationList;
			buildConfigurations = (
				1384D28B24BD184800655884 /* Debug */,
				1384D28C24BD184800655884 /* Release */,
			);
			defaultConfigurationIsVisible = 0;
			defaultConfigurationName = Release;
		};
/* End XCConfigurationList section */
	};
	rootObject = 1384D27224BD184700655884 /* Project object */;
}
